// !$*UTF8*$!
{
	archiveVersion = 1;
	classes = {
	};
	objectVersion = 46;
	objects = {

/* Begin PBXBuildFile section */
		309BA168690E65367D948C33 /* libPods-PetrolAppTests.a in Frameworks */ = {isa = PBXBuildFile; fileRef = C39F4498746E9B117DF68277 /* libPods-PetrolAppTests.a */; };
		45A1A6471D498D6500C3154F /* LogInViewController.m in Sources */ = {isa = PBXBuildFile; fileRef = 45A1A6461D498D6500C3154F /* LogInViewController.m */; };
		45A1A65D1D499F1700C3154F /* FBSDKCoreKit.framework in Frameworks */ = {isa = PBXBuildFile; fileRef = 45A1A65A1D499F1700C3154F /* FBSDKCoreKit.framework */; };
		45A1A65E1D499F1700C3154F /* FBSDKLoginKit.framework in Frameworks */ = {isa = PBXBuildFile; fileRef = 45A1A65B1D499F1700C3154F /* FBSDKLoginKit.framework */; };
		45A1A65F1D499F1700C3154F /* FBSDKShareKit.framework in Frameworks */ = {isa = PBXBuildFile; fileRef = 45A1A65C1D499F1700C3154F /* FBSDKShareKit.framework */; };
		45A1A6611D499F2B00C3154F /* Bolts.framework in Frameworks */ = {isa = PBXBuildFile; fileRef = 45A1A6601D499F2B00C3154F /* Bolts.framework */; };
		45DD31901D5A24C10054F7D0 /* PriceContentViewController.m in Sources */ = {isa = PBXBuildFile; fileRef = 45DD318F1D5A24C10054F7D0 /* PriceContentViewController.m */; };
		4DE95F077A4D9496FC0B9A6C /* libPods-PetrolApp.a in Frameworks */ = {isa = PBXBuildFile; fileRef = F6A3B8AC1FC566936658A62F /* libPods-PetrolApp.a */; };
		518C00E51D0A6E590079B062 /* Image.xcassets in Resources */ = {isa = PBXBuildFile; fileRef = 518C00E41D0A6E590079B062 /* Image.xcassets */; };
		519B98461D0785FA00DE4DD9 /* ASStarRatingView.m in Sources */ = {isa = PBXBuildFile; fileRef = 519B98441D0785FA00DE4DD9 /* ASStarRatingView.m */; };
		519B984D1D07926300DE4DD9 /* StationViewController.m in Sources */ = {isa = PBXBuildFile; fileRef = 519B984C1D07926300DE4DD9 /* StationViewController.m */; };
		519C88AF1D047636003FB50B /* CoreLocation.framework in Frameworks */ = {isa = PBXBuildFile; fileRef = 519C88AE1D047636003FB50B /* CoreLocation.framework */; };
		519C88B11D04763C003FB50B /* UIKit.framework in Frameworks */ = {isa = PBXBuildFile; fileRef = 519C88B01D04763C003FB50B /* UIKit.framework */; };
		519C88B31D047648003FB50B /* CoreGraphics.framework in Frameworks */ = {isa = PBXBuildFile; fileRef = 519C88B21D047648003FB50B /* CoreGraphics.framework */; };
		519C88B51D04764E003FB50B /* Foundation.framework in Frameworks */ = {isa = PBXBuildFile; fileRef = 519C88B41D04764E003FB50B /* Foundation.framework */; };
		51A7AE681CD5853A008C99AA /* Station.m in Sources */ = {isa = PBXBuildFile; fileRef = 51A7AE671CD5853A008C99AA /* Station.m */; };
		51A7AE6C1CD58726008C99AA /* StationCell.m in Sources */ = {isa = PBXBuildFile; fileRef = 51A7AE6B1CD58726008C99AA /* StationCell.m */; };
		51AB69FC1D0915F7004262B1 /* TabBarViewController.m in Sources */ = {isa = PBXBuildFile; fileRef = 51AB69FB1D0915F7004262B1 /* TabBarViewController.m */; };
		51C467681CF50ABF0072A9D4 /* IntroViewController.m in Sources */ = {isa = PBXBuildFile; fileRef = 51C467671CF50ABF0072A9D4 /* IntroViewController.m */; };
		51D57FB71CE16735004A46BA /* MainTableViewController.m in Sources */ = {isa = PBXBuildFile; fileRef = 51D57FB61CE16735004A46BA /* MainTableViewController.m */; };
		51D5F9401D1A0FD400153A46 /* GoogleService-Info.plist in Resources */ = {isa = PBXBuildFile; fileRef = 51D5F93F1D1A0FD400153A46 /* GoogleService-Info.plist */; };
		51E94D241CD56BBD00E6CA62 /* main.m in Sources */ = {isa = PBXBuildFile; fileRef = 51E94D231CD56BBD00E6CA62 /* main.m */; };
		51E94D271CD56BBD00E6CA62 /* AppDelegate.m in Sources */ = {isa = PBXBuildFile; fileRef = 51E94D261CD56BBD00E6CA62 /* AppDelegate.m */; };
		51E94D2A1CD56BBD00E6CA62 /* ViewController.m in Sources */ = {isa = PBXBuildFile; fileRef = 51E94D291CD56BBD00E6CA62 /* ViewController.m */; };
		51E94D2D1CD56BBE00E6CA62 /* Main.storyboard in Resources */ = {isa = PBXBuildFile; fileRef = 51E94D2B1CD56BBE00E6CA62 /* Main.storyboard */; };
		51E94D321CD56BBE00E6CA62 /* LaunchScreen.storyboard in Resources */ = {isa = PBXBuildFile; fileRef = 51E94D301CD56BBE00E6CA62 /* LaunchScreen.storyboard */; };
		51E94D3D1CD56BBE00E6CA62 /* PetrolAppTests.m in Sources */ = {isa = PBXBuildFile; fileRef = 51E94D3C1CD56BBE00E6CA62 /* PetrolAppTests.m */; };
		51E94D481CD56BBE00E6CA62 /* PetrolAppUITests.m in Sources */ = {isa = PBXBuildFile; fileRef = 51E94D471CD56BBE00E6CA62 /* PetrolAppUITests.m */; };
		5C7FB94F9FD4B0E2A4081A76 /* libPods-PetrolAppUITests.a in Frameworks */ = {isa = PBXBuildFile; fileRef = F4D253F73BB41AE3E78741B8 /* libPods-PetrolAppUITests.a */; };
/* End PBXBuildFile section */

/* Begin PBXContainerItemProxy section */
		51E94D391CD56BBE00E6CA62 /* PBXContainerItemProxy */ = {
			isa = PBXContainerItemProxy;
			containerPortal = 51E94D171CD56BBD00E6CA62 /* Project object */;
			proxyType = 1;
			remoteGlobalIDString = 51E94D1E1CD56BBD00E6CA62;
			remoteInfo = PetrolApp;
		};
		51E94D441CD56BBE00E6CA62 /* PBXContainerItemProxy */ = {
			isa = PBXContainerItemProxy;
			containerPortal = 51E94D171CD56BBD00E6CA62 /* Project object */;
			proxyType = 1;
			remoteGlobalIDString = 51E94D1E1CD56BBD00E6CA62;
			remoteInfo = PetrolApp;
		};
/* End PBXContainerItemProxy section */

/* Begin PBXFileReference section */
		2DA2023C2ACBE4DE5450D836 /* Pods-PetrolApp.release.xcconfig */ = {isa = PBXFileReference; includeInIndex = 1; lastKnownFileType = text.xcconfig; name = "Pods-PetrolApp.release.xcconfig"; path = "Pods/Target Support Files/Pods-PetrolApp/Pods-PetrolApp.release.xcconfig"; sourceTree = "<group>"; };
		45A1A6451D498D6500C3154F /* LogInViewController.h */ = {isa = PBXFileReference; fileEncoding = 4; lastKnownFileType = sourcecode.c.h; path = LogInViewController.h; sourceTree = "<group>"; };
		45A1A6461D498D6500C3154F /* LogInViewController.m */ = {isa = PBXFileReference; fileEncoding = 4; lastKnownFileType = sourcecode.c.objc; path = LogInViewController.m; sourceTree = "<group>"; };
		45A1A65A1D499F1700C3154F /* FBSDKCoreKit.framework */ = {isa = PBXFileReference; lastKnownFileType = wrapper.framework; path = FBSDKCoreKit.framework; sourceTree = "<group>"; };
		45A1A65B1D499F1700C3154F /* FBSDKLoginKit.framework */ = {isa = PBXFileReference; lastKnownFileType = wrapper.framework; path = FBSDKLoginKit.framework; sourceTree = "<group>"; };
		45A1A65C1D499F1700C3154F /* FBSDKShareKit.framework */ = {isa = PBXFileReference; lastKnownFileType = wrapper.framework; path = FBSDKShareKit.framework; sourceTree = "<group>"; };
		45A1A6601D499F2B00C3154F /* Bolts.framework */ = {isa = PBXFileReference; lastKnownFileType = wrapper.framework; path = Bolts.framework; sourceTree = "<group>"; };
		45DD318E1D5A24C10054F7D0 /* PriceContentViewController.h */ = {isa = PBXFileReference; fileEncoding = 4; lastKnownFileType = sourcecode.c.h; path = PriceContentViewController.h; sourceTree = "<group>"; };
		45DD318F1D5A24C10054F7D0 /* PriceContentViewController.m */ = {isa = PBXFileReference; fileEncoding = 4; lastKnownFileType = sourcecode.c.objc; path = PriceContentViewController.m; sourceTree = "<group>"; };
		518C00E41D0A6E590079B062 /* Image.xcassets */ = {isa = PBXFileReference; lastKnownFileType = folder.assetcatalog; path = Image.xcassets; sourceTree = "<group>"; };
		519B98431D0785FA00DE4DD9 /* ASStarRatingView.h */ = {isa = PBXFileReference; fileEncoding = 4; lastKnownFileType = sourcecode.c.h; path = ASStarRatingView.h; sourceTree = "<group>"; };
		519B98441D0785FA00DE4DD9 /* ASStarRatingView.m */ = {isa = PBXFileReference; fileEncoding = 4; lastKnownFileType = sourcecode.c.objc; path = ASStarRatingView.m; sourceTree = "<group>"; };
		519B984B1D07926300DE4DD9 /* StationViewController.h */ = {isa = PBXFileReference; fileEncoding = 4; lastKnownFileType = sourcecode.c.h; path = StationViewController.h; sourceTree = "<group>"; };
		519B984C1D07926300DE4DD9 /* StationViewController.m */ = {isa = PBXFileReference; fileEncoding = 4; lastKnownFileType = sourcecode.c.objc; path = StationViewController.m; sourceTree = "<group>"; };
		519C88AE1D047636003FB50B /* CoreLocation.framework */ = {isa = PBXFileReference; lastKnownFileType = wrapper.framework; name = CoreLocation.framework; path = System/Library/Frameworks/CoreLocation.framework; sourceTree = SDKROOT; };
		519C88B01D04763C003FB50B /* UIKit.framework */ = {isa = PBXFileReference; lastKnownFileType = wrapper.framework; name = UIKit.framework; path = System/Library/Frameworks/UIKit.framework; sourceTree = SDKROOT; };
		519C88B21D047648003FB50B /* CoreGraphics.framework */ = {isa = PBXFileReference; lastKnownFileType = wrapper.framework; name = CoreGraphics.framework; path = System/Library/Frameworks/CoreGraphics.framework; sourceTree = SDKROOT; };
		519C88B41D04764E003FB50B /* Foundation.framework */ = {isa = PBXFileReference; lastKnownFileType = wrapper.framework; name = Foundation.framework; path = System/Library/Frameworks/Foundation.framework; sourceTree = SDKROOT; };
		51A7AE661CD5853A008C99AA /* Station.h */ = {isa = PBXFileReference; fileEncoding = 4; lastKnownFileType = sourcecode.c.h; path = Station.h; sourceTree = "<group>"; };
		51A7AE671CD5853A008C99AA /* Station.m */ = {isa = PBXFileReference; fileEncoding = 4; lastKnownFileType = sourcecode.c.objc; path = Station.m; sourceTree = "<group>"; };
		51A7AE6A1CD58726008C99AA /* StationCell.h */ = {isa = PBXFileReference; fileEncoding = 4; lastKnownFileType = sourcecode.c.h; path = StationCell.h; sourceTree = "<group>"; };
		51A7AE6B1CD58726008C99AA /* StationCell.m */ = {isa = PBXFileReference; fileEncoding = 4; lastKnownFileType = sourcecode.c.objc; path = StationCell.m; sourceTree = "<group>"; };
		51AB69FA1D0915F7004262B1 /* TabBarViewController.h */ = {isa = PBXFileReference; fileEncoding = 4; lastKnownFileType = sourcecode.c.h; path = TabBarViewController.h; sourceTree = "<group>"; };
		51AB69FB1D0915F7004262B1 /* TabBarViewController.m */ = {isa = PBXFileReference; fileEncoding = 4; lastKnownFileType = sourcecode.c.objc; path = TabBarViewController.m; sourceTree = "<group>"; };
		51C467661CF50ABF0072A9D4 /* IntroViewController.h */ = {isa = PBXFileReference; fileEncoding = 4; lastKnownFileType = sourcecode.c.h; path = IntroViewController.h; sourceTree = "<group>"; };
		51C467671CF50ABF0072A9D4 /* IntroViewController.m */ = {isa = PBXFileReference; fileEncoding = 4; lastKnownFileType = sourcecode.c.objc; path = IntroViewController.m; sourceTree = "<group>"; };
		51D57FB51CE16735004A46BA /* MainTableViewController.h */ = {isa = PBXFileReference; fileEncoding = 4; lastKnownFileType = sourcecode.c.h; path = MainTableViewController.h; sourceTree = "<group>"; };
		51D57FB61CE16735004A46BA /* MainTableViewController.m */ = {isa = PBXFileReference; fileEncoding = 4; lastKnownFileType = sourcecode.c.objc; path = MainTableViewController.m; sourceTree = "<group>"; };
		51D5F93F1D1A0FD400153A46 /* GoogleService-Info.plist */ = {isa = PBXFileReference; fileEncoding = 4; lastKnownFileType = text.plist.xml; path = "GoogleService-Info.plist"; sourceTree = "<group>"; };
		51E94D1F1CD56BBD00E6CA62 /* PetrolApp.app */ = {isa = PBXFileReference; explicitFileType = wrapper.application; includeInIndex = 0; path = PetrolApp.app; sourceTree = BUILT_PRODUCTS_DIR; };
		51E94D231CD56BBD00E6CA62 /* main.m */ = {isa = PBXFileReference; lastKnownFileType = sourcecode.c.objc; path = main.m; sourceTree = "<group>"; };
		51E94D251CD56BBD00E6CA62 /* AppDelegate.h */ = {isa = PBXFileReference; lastKnownFileType = sourcecode.c.h; path = AppDelegate.h; sourceTree = "<group>"; };
		51E94D261CD56BBD00E6CA62 /* AppDelegate.m */ = {isa = PBXFileReference; lastKnownFileType = sourcecode.c.objc; path = AppDelegate.m; sourceTree = "<group>"; };
		51E94D281CD56BBD00E6CA62 /* ViewController.h */ = {isa = PBXFileReference; lastKnownFileType = sourcecode.c.h; path = ViewController.h; sourceTree = "<group>"; };
		51E94D291CD56BBD00E6CA62 /* ViewController.m */ = {isa = PBXFileReference; lastKnownFileType = sourcecode.c.objc; path = ViewController.m; sourceTree = "<group>"; };
		51E94D2C1CD56BBE00E6CA62 /* Base */ = {isa = PBXFileReference; lastKnownFileType = file.storyboard; name = Base; path = Base.lproj/Main.storyboard; sourceTree = "<group>"; };
		51E94D311CD56BBE00E6CA62 /* Base */ = {isa = PBXFileReference; lastKnownFileType = file.storyboard; name = Base; path = Base.lproj/LaunchScreen.storyboard; sourceTree = "<group>"; };
		51E94D331CD56BBE00E6CA62 /* Info.plist */ = {isa = PBXFileReference; lastKnownFileType = text.plist.xml; path = Info.plist; sourceTree = "<group>"; };
		51E94D381CD56BBE00E6CA62 /* PetrolAppTests.xctest */ = {isa = PBXFileReference; explicitFileType = wrapper.cfbundle; includeInIndex = 0; path = PetrolAppTests.xctest; sourceTree = BUILT_PRODUCTS_DIR; };
		51E94D3C1CD56BBE00E6CA62 /* PetrolAppTests.m */ = {isa = PBXFileReference; lastKnownFileType = sourcecode.c.objc; path = PetrolAppTests.m; sourceTree = "<group>"; };
		51E94D3E1CD56BBE00E6CA62 /* Info.plist */ = {isa = PBXFileReference; lastKnownFileType = text.plist.xml; path = Info.plist; sourceTree = "<group>"; };
		51E94D431CD56BBE00E6CA62 /* PetrolAppUITests.xctest */ = {isa = PBXFileReference; explicitFileType = wrapper.cfbundle; includeInIndex = 0; path = PetrolAppUITests.xctest; sourceTree = BUILT_PRODUCTS_DIR; };
		51E94D471CD56BBE00E6CA62 /* PetrolAppUITests.m */ = {isa = PBXFileReference; lastKnownFileType = sourcecode.c.objc; path = PetrolAppUITests.m; sourceTree = "<group>"; };
		51E94D491CD56BBE00E6CA62 /* Info.plist */ = {isa = PBXFileReference; lastKnownFileType = text.plist.xml; path = Info.plist; sourceTree = "<group>"; };
		5284937762D1D6F8981DF1C4 /* Pods-PetrolAppUITests.release.xcconfig */ = {isa = PBXFileReference; includeInIndex = 1; lastKnownFileType = text.xcconfig; name = "Pods-PetrolAppUITests.release.xcconfig"; path = "Pods/Target Support Files/Pods-PetrolAppUITests/Pods-PetrolAppUITests.release.xcconfig"; sourceTree = "<group>"; };
		54D78B58D5A66288AC9C9DD7 /* Pods-PetrolAppTests.release.xcconfig */ = {isa = PBXFileReference; includeInIndex = 1; lastKnownFileType = text.xcconfig; name = "Pods-PetrolAppTests.release.xcconfig"; path = "Pods/Target Support Files/Pods-PetrolAppTests/Pods-PetrolAppTests.release.xcconfig"; sourceTree = "<group>"; };
		596565316628A5C450A6F9ED /* Pods-PetrolAppTests.debug.xcconfig */ = {isa = PBXFileReference; includeInIndex = 1; lastKnownFileType = text.xcconfig; name = "Pods-PetrolAppTests.debug.xcconfig"; path = "Pods/Target Support Files/Pods-PetrolAppTests/Pods-PetrolAppTests.debug.xcconfig"; sourceTree = "<group>"; };
		8C23AEE5B28F1F5FD99F3C11 /* Pods-PetrolApp.debug.xcconfig */ = {isa = PBXFileReference; includeInIndex = 1; lastKnownFileType = text.xcconfig; name = "Pods-PetrolApp.debug.xcconfig"; path = "Pods/Target Support Files/Pods-PetrolApp/Pods-PetrolApp.debug.xcconfig"; sourceTree = "<group>"; };
		C39F4498746E9B117DF68277 /* libPods-PetrolAppTests.a */ = {isa = PBXFileReference; explicitFileType = archive.ar; includeInIndex = 0; path = "libPods-PetrolAppTests.a"; sourceTree = BUILT_PRODUCTS_DIR; };
		E90B817E89D209D7A0B9E940 /* Pods-PetrolAppUITests.debug.xcconfig */ = {isa = PBXFileReference; includeInIndex = 1; lastKnownFileType = text.xcconfig; name = "Pods-PetrolAppUITests.debug.xcconfig"; path = "Pods/Target Support Files/Pods-PetrolAppUITests/Pods-PetrolAppUITests.debug.xcconfig"; sourceTree = "<group>"; };
		F4D253F73BB41AE3E78741B8 /* libPods-PetrolAppUITests.a */ = {isa = PBXFileReference; explicitFileType = archive.ar; includeInIndex = 0; path = "libPods-PetrolAppUITests.a"; sourceTree = BUILT_PRODUCTS_DIR; };
		F6A3B8AC1FC566936658A62F /* libPods-PetrolApp.a */ = {isa = PBXFileReference; explicitFileType = archive.ar; includeInIndex = 0; path = "libPods-PetrolApp.a"; sourceTree = BUILT_PRODUCTS_DIR; };
/* End PBXFileReference section */

/* Begin PBXFrameworksBuildPhase section */
		51E94D1C1CD56BBD00E6CA62 /* Frameworks */ = {
			isa = PBXFrameworksBuildPhase;
			buildActionMask = 2147483647;
			files = (
				45A1A65F1D499F1700C3154F /* FBSDKShareKit.framework in Frameworks */,
				519C88B51D04764E003FB50B /* Foundation.framework in Frameworks */,
				45A1A65D1D499F1700C3154F /* FBSDKCoreKit.framework in Frameworks */,
				519C88B31D047648003FB50B /* CoreGraphics.framework in Frameworks */,
				519C88B11D04763C003FB50B /* UIKit.framework in Frameworks */,
				45A1A65E1D499F1700C3154F /* FBSDKLoginKit.framework in Frameworks */,
				45A1A6611D499F2B00C3154F /* Bolts.framework in Frameworks */,
				519C88AF1D047636003FB50B /* CoreLocation.framework in Frameworks */,
				4DE95F077A4D9496FC0B9A6C /* libPods-PetrolApp.a in Frameworks */,
			);
			runOnlyForDeploymentPostprocessing = 0;
		};
		51E94D351CD56BBE00E6CA62 /* Frameworks */ = {
			isa = PBXFrameworksBuildPhase;
			buildActionMask = 2147483647;
			files = (
				309BA168690E65367D948C33 /* libPods-PetrolAppTests.a in Frameworks */,
			);
			runOnlyForDeploymentPostprocessing = 0;
		};
		51E94D401CD56BBE00E6CA62 /* Frameworks */ = {
			isa = PBXFrameworksBuildPhase;
			buildActionMask = 2147483647;
			files = (
				5C7FB94F9FD4B0E2A4081A76 /* libPods-PetrolAppUITests.a in Frameworks */,
			);
			runOnlyForDeploymentPostprocessing = 0;
		};
/* End PBXFrameworksBuildPhase section */

/* Begin PBXGroup section */
		519B98421D0785E000DE4DD9 /* ASStarRatingView */ = {
			isa = PBXGroup;
			children = (
				519B98431D0785FA00DE4DD9 /* ASStarRatingView.h */,
				519B98441D0785FA00DE4DD9 /* ASStarRatingView.m */,
			);
			name = ASStarRatingView;
			sourceTree = "<group>";
		};
		519C88AD1D047625003FB50B /* Frameworks */ = {
			isa = PBXGroup;
			children = (
				45A1A6601D499F2B00C3154F /* Bolts.framework */,
				45A1A65A1D499F1700C3154F /* FBSDKCoreKit.framework */,
				45A1A65B1D499F1700C3154F /* FBSDKLoginKit.framework */,
				45A1A65C1D499F1700C3154F /* FBSDKShareKit.framework */,
				519C88B41D04764E003FB50B /* Foundation.framework */,
				519C88B21D047648003FB50B /* CoreGraphics.framework */,
				519C88B01D04763C003FB50B /* UIKit.framework */,
				519C88AE1D047636003FB50B /* CoreLocation.framework */,
				F6A3B8AC1FC566936658A62F /* libPods-PetrolApp.a */,
				C39F4498746E9B117DF68277 /* libPods-PetrolAppTests.a */,
				F4D253F73BB41AE3E78741B8 /* libPods-PetrolAppUITests.a */,
			);
			name = Frameworks;
			sourceTree = "<group>";
		};
		51A7AE641CD58514008C99AA /* Controller */ = {
			isa = PBXGroup;
			children = (
				51E94D281CD56BBD00E6CA62 /* ViewController.h */,
				51E94D291CD56BBD00E6CA62 /* ViewController.m */,
				51D57FB51CE16735004A46BA /* MainTableViewController.h */,
				51D57FB61CE16735004A46BA /* MainTableViewController.m */,
				51C467661CF50ABF0072A9D4 /* IntroViewController.h */,
				51C467671CF50ABF0072A9D4 /* IntroViewController.m */,
				519B984B1D07926300DE4DD9 /* StationViewController.h */,
				519B984C1D07926300DE4DD9 /* StationViewController.m */,
				51AB69FA1D0915F7004262B1 /* TabBarViewController.h */,
				51AB69FB1D0915F7004262B1 /* TabBarViewController.m */,
				45A1A6451D498D6500C3154F /* LogInViewController.h */,
				45A1A6461D498D6500C3154F /* LogInViewController.m */,
				45DD318E1D5A24C10054F7D0 /* PriceContentViewController.h */,
				45DD318F1D5A24C10054F7D0 /* PriceContentViewController.m */,
			);
			name = Controller;
			sourceTree = "<group>";
		};
		51A7AE651CD5851A008C99AA /* Model */ = {
			isa = PBXGroup;
			children = (
				51A7AE661CD5853A008C99AA /* Station.h */,
				51A7AE671CD5853A008C99AA /* Station.m */,
			);
			name = Model;
			sourceTree = "<group>";
		};
		51A7AE691CD5869E008C99AA /* Cells */ = {
			isa = PBXGroup;
			children = (
				51A7AE6A1CD58726008C99AA /* StationCell.h */,
				51A7AE6B1CD58726008C99AA /* StationCell.m */,
			);
			name = Cells;
			sourceTree = "<group>";
		};
		51E94D161CD56BBD00E6CA62 = {
			isa = PBXGroup;
			children = (
				519C88AD1D047625003FB50B /* Frameworks */,
				51E94D211CD56BBD00E6CA62 /* PetrolApp */,
				51E94D3B1CD56BBE00E6CA62 /* PetrolAppTests */,
				51E94D461CD56BBE00E6CA62 /* PetrolAppUITests */,
				51E94D201CD56BBD00E6CA62 /* Products */,
				80888C01F70195A0AB2C99E0 /* Pods */,
			);
			sourceTree = "<group>";
		};
		51E94D201CD56BBD00E6CA62 /* Products */ = {
			isa = PBXGroup;
			children = (
				51E94D1F1CD56BBD00E6CA62 /* PetrolApp.app */,
				51E94D381CD56BBE00E6CA62 /* PetrolAppTests.xctest */,
				51E94D431CD56BBE00E6CA62 /* PetrolAppUITests.xctest */,
			);
			name = Products;
			sourceTree = "<group>";
		};
		51E94D211CD56BBD00E6CA62 /* PetrolApp */ = {
			isa = PBXGroup;
			children = (
				518C00E41D0A6E590079B062 /* Image.xcassets */,
				519B98421D0785E000DE4DD9 /* ASStarRatingView */,
				51A7AE691CD5869E008C99AA /* Cells */,
				51A7AE651CD5851A008C99AA /* Model */,
				51A7AE641CD58514008C99AA /* Controller */,
				51E94D251CD56BBD00E6CA62 /* AppDelegate.h */,
				51E94D261CD56BBD00E6CA62 /* AppDelegate.m */,
				51E94D2B1CD56BBE00E6CA62 /* Main.storyboard */,
				51E94D301CD56BBE00E6CA62 /* LaunchScreen.storyboard */,
				51E94D331CD56BBE00E6CA62 /* Info.plist */,
				51D5F93F1D1A0FD400153A46 /* GoogleService-Info.plist */,
				51E94D221CD56BBD00E6CA62 /* Supporting Files */,
			);
			path = PetrolApp;
			sourceTree = "<group>";
		};
		51E94D221CD56BBD00E6CA62 /* Supporting Files */ = {
			isa = PBXGroup;
			children = (
				51E94D231CD56BBD00E6CA62 /* main.m */,
			);
			name = "Supporting Files";
			sourceTree = "<group>";
		};
		51E94D3B1CD56BBE00E6CA62 /* PetrolAppTests */ = {
			isa = PBXGroup;
			children = (
				51E94D3C1CD56BBE00E6CA62 /* PetrolAppTests.m */,
				51E94D3E1CD56BBE00E6CA62 /* Info.plist */,
			);
			path = PetrolAppTests;
			sourceTree = "<group>";
		};
		51E94D461CD56BBE00E6CA62 /* PetrolAppUITests */ = {
			isa = PBXGroup;
			children = (
				51E94D471CD56BBE00E6CA62 /* PetrolAppUITests.m */,
				51E94D491CD56BBE00E6CA62 /* Info.plist */,
			);
			path = PetrolAppUITests;
			sourceTree = "<group>";
		};
		80888C01F70195A0AB2C99E0 /* Pods */ = {
			isa = PBXGroup;
			children = (
				8C23AEE5B28F1F5FD99F3C11 /* Pods-PetrolApp.debug.xcconfig */,
				2DA2023C2ACBE4DE5450D836 /* Pods-PetrolApp.release.xcconfig */,
				596565316628A5C450A6F9ED /* Pods-PetrolAppTests.debug.xcconfig */,
				54D78B58D5A66288AC9C9DD7 /* Pods-PetrolAppTests.release.xcconfig */,
				E90B817E89D209D7A0B9E940 /* Pods-PetrolAppUITests.debug.xcconfig */,
				5284937762D1D6F8981DF1C4 /* Pods-PetrolAppUITests.release.xcconfig */,
			);
			name = Pods;
			sourceTree = "<group>";
		};
/* End PBXGroup section */

/* Begin PBXNativeTarget section */
		51E94D1E1CD56BBD00E6CA62 /* PetrolApp */ = {
			isa = PBXNativeTarget;
			buildConfigurationList = 51E94D4C1CD56BBE00E6CA62 /* Build configuration list for PBXNativeTarget "PetrolApp" */;
			buildPhases = (
				6D28F3F05DA48A8E26BA016B /* [CP] Check Pods Manifest.lock */,
				51E94D1B1CD56BBD00E6CA62 /* Sources */,
				51E94D1C1CD56BBD00E6CA62 /* Frameworks */,
				51E94D1D1CD56BBD00E6CA62 /* Resources */,
				258EEF08AEBCBF1D748174E8 /* [CP] Embed Pods Frameworks */,
				37F456BA9E48B32788151DAB /* [CP] Copy Pods Resources */,
			);
			buildRules = (
			);
			dependencies = (
			);
			name = PetrolApp;
			productName = PetrolApp;
			productReference = 51E94D1F1CD56BBD00E6CA62 /* PetrolApp.app */;
			productType = "com.apple.product-type.application";
		};
		51E94D371CD56BBE00E6CA62 /* PetrolAppTests */ = {
			isa = PBXNativeTarget;
			buildConfigurationList = 51E94D4F1CD56BBE00E6CA62 /* Build configuration list for PBXNativeTarget "PetrolAppTests" */;
			buildPhases = (
				AF4CF496C310DB43E7229D25 /* [CP] Check Pods Manifest.lock */,
				51E94D341CD56BBE00E6CA62 /* Sources */,
				51E94D351CD56BBE00E6CA62 /* Frameworks */,
				51E94D361CD56BBE00E6CA62 /* Resources */,
				3FCD1F57D6DACE791EFF5AA8 /* [CP] Embed Pods Frameworks */,
				7AF031E6CF0B8981FECB9996 /* [CP] Copy Pods Resources */,
			);
			buildRules = (
			);
			dependencies = (
				51E94D3A1CD56BBE00E6CA62 /* PBXTargetDependency */,
			);
			name = PetrolAppTests;
			productName = PetrolAppTests;
			productReference = 51E94D381CD56BBE00E6CA62 /* PetrolAppTests.xctest */;
			productType = "com.apple.product-type.bundle.unit-test";
		};
		51E94D421CD56BBE00E6CA62 /* PetrolAppUITests */ = {
			isa = PBXNativeTarget;
			buildConfigurationList = 51E94D521CD56BBE00E6CA62 /* Build configuration list for PBXNativeTarget "PetrolAppUITests" */;
			buildPhases = (
				D62E07C8EFEEBEED2A161E41 /* [CP] Check Pods Manifest.lock */,
				51E94D3F1CD56BBE00E6CA62 /* Sources */,
				51E94D401CD56BBE00E6CA62 /* Frameworks */,
				51E94D411CD56BBE00E6CA62 /* Resources */,
				249096A2CD80378F11F09847 /* [CP] Copy Pods Resources */,
			);
			buildRules = (
			);
			dependencies = (
				51E94D451CD56BBE00E6CA62 /* PBXTargetDependency */,
			);
			name = PetrolAppUITests;
			productName = PetrolAppUITests;
			productReference = 51E94D431CD56BBE00E6CA62 /* PetrolAppUITests.xctest */;
			productType = "com.apple.product-type.bundle.ui-testing";
		};
/* End PBXNativeTarget section */

/* Begin PBXProject section */
		51E94D171CD56BBD00E6CA62 /* Project object */ = {
			isa = PBXProject;
			attributes = {
				LastUpgradeCheck = 0730;
				ORGANIZATIONNAME = "Rafael Pérez";
				TargetAttributes = {
					51E94D1E1CD56BBD00E6CA62 = {
						CreatedOnToolsVersion = 7.3;
						DevelopmentTeam = 9ZZEJK9DFN;
					};
					51E94D371CD56BBE00E6CA62 = {
						CreatedOnToolsVersion = 7.3;
						TestTargetID = 51E94D1E1CD56BBD00E6CA62;
					};
					51E94D421CD56BBE00E6CA62 = {
						CreatedOnToolsVersion = 7.3;
						TestTargetID = 51E94D1E1CD56BBD00E6CA62;
					};
				};
			};
			buildConfigurationList = 51E94D1A1CD56BBD00E6CA62 /* Build configuration list for PBXProject "PetrolApp" */;
			compatibilityVersion = "Xcode 3.2";
			developmentRegion = English;
			hasScannedForEncodings = 0;
			knownRegions = (
				en,
				Base,
			);
			mainGroup = 51E94D161CD56BBD00E6CA62;
			productRefGroup = 51E94D201CD56BBD00E6CA62 /* Products */;
			projectDirPath = "";
			projectRoot = "";
			targets = (
				51E94D1E1CD56BBD00E6CA62 /* PetrolApp */,
				51E94D371CD56BBE00E6CA62 /* PetrolAppTests */,
				51E94D421CD56BBE00E6CA62 /* PetrolAppUITests */,
			);
		};
/* End PBXProject section */

/* Begin PBXResourcesBuildPhase section */
		51E94D1D1CD56BBD00E6CA62 /* Resources */ = {
			isa = PBXResourcesBuildPhase;
			buildActionMask = 2147483647;
			files = (
				51E94D321CD56BBE00E6CA62 /* LaunchScreen.storyboard in Resources */,
				51D5F9401D1A0FD400153A46 /* GoogleService-Info.plist in Resources */,
				518C00E51D0A6E590079B062 /* Image.xcassets in Resources */,
				51E94D2D1CD56BBE00E6CA62 /* Main.storyboard in Resources */,
			);
			runOnlyForDeploymentPostprocessing = 0;
		};
		51E94D361CD56BBE00E6CA62 /* Resources */ = {
			isa = PBXResourcesBuildPhase;
			buildActionMask = 2147483647;
			files = (
			);
			runOnlyForDeploymentPostprocessing = 0;
		};
		51E94D411CD56BBE00E6CA62 /* Resources */ = {
			isa = PBXResourcesBuildPhase;
			buildActionMask = 2147483647;
			files = (
			);
			runOnlyForDeploymentPostprocessing = 0;
		};
/* End PBXResourcesBuildPhase section */

/* Begin PBXShellScriptBuildPhase section */
		249096A2CD80378F11F09847 /* [CP] Copy Pods Resources */ = {
			isa = PBXShellScriptBuildPhase;
			buildActionMask = 2147483647;
			files = (
			);
			inputPaths = (
			);
			name = "[CP] Copy Pods Resources";
			outputPaths = (
			);
			runOnlyForDeploymentPostprocessing = 0;
			shellPath = /bin/sh;
			shellScript = "\"${SRCROOT}/Pods/Target Support Files/Pods-PetrolAppUITests/Pods-PetrolAppUITests-resources.sh\"\n";
			showEnvVarsInLog = 0;
		};
		258EEF08AEBCBF1D748174E8 /* [CP] Embed Pods Frameworks */ = {
			isa = PBXShellScriptBuildPhase;
			buildActionMask = 2147483647;
			files = (
			);
			inputPaths = (
			);
			name = "[CP] Embed Pods Frameworks";
			outputPaths = (
			);
			runOnlyForDeploymentPostprocessing = 0;
			shellPath = /bin/sh;
			shellScript = "\"${SRCROOT}/Pods/Target Support Files/Pods-PetrolApp/Pods-PetrolApp-frameworks.sh\"\n";
			showEnvVarsInLog = 0;
		};
		37F456BA9E48B32788151DAB /* [CP] Copy Pods Resources */ = {
			isa = PBXShellScriptBuildPhase;
			buildActionMask = 2147483647;
			files = (
			);
			inputPaths = (
			);
			name = "[CP] Copy Pods Resources";
			outputPaths = (
			);
			runOnlyForDeploymentPostprocessing = 0;
			shellPath = /bin/sh;
			shellScript = "\"${SRCROOT}/Pods/Target Support Files/Pods-PetrolApp/Pods-PetrolApp-resources.sh\"\n";
			showEnvVarsInLog = 0;
		};
		3FCD1F57D6DACE791EFF5AA8 /* [CP] Embed Pods Frameworks */ = {
			isa = PBXShellScriptBuildPhase;
			buildActionMask = 2147483647;
			files = (
			);
			inputPaths = (
			);
			name = "[CP] Embed Pods Frameworks";
			outputPaths = (
			);
			runOnlyForDeploymentPostprocessing = 0;
			shellPath = /bin/sh;
			shellScript = "\"${SRCROOT}/Pods/Target Support Files/Pods-PetrolAppTests/Pods-PetrolAppTests-frameworks.sh\"\n";
			showEnvVarsInLog = 0;
		};
		6D28F3F05DA48A8E26BA016B /* [CP] Check Pods Manifest.lock */ = {
			isa = PBXShellScriptBuildPhase;
			buildActionMask = 2147483647;
			files = (
			);
			inputPaths = (
			);
			name = "[CP] Check Pods Manifest.lock";
			outputPaths = (
			);
			runOnlyForDeploymentPostprocessing = 0;
			shellPath = /bin/sh;
			shellScript = "diff \"${PODS_ROOT}/../Podfile.lock\" \"${PODS_ROOT}/Manifest.lock\" > /dev/null\nif [[ $? != 0 ]] ; then\n    cat << EOM\nerror: The sandbox is not in sync with the Podfile.lock. Run 'pod install' or update your CocoaPods installation.\nEOM\n    exit 1\nfi\n";
			showEnvVarsInLog = 0;
		};
		7AF031E6CF0B8981FECB9996 /* [CP] Copy Pods Resources */ = {
			isa = PBXShellScriptBuildPhase;
			buildActionMask = 2147483647;
			files = (
			);
			inputPaths = (
			);
			name = "[CP] Copy Pods Resources";
			outputPaths = (
			);
			runOnlyForDeploymentPostprocessing = 0;
			shellPath = /bin/sh;
			shellScript = "\"${SRCROOT}/Pods/Target Support Files/Pods-PetrolAppTests/Pods-PetrolAppTests-resources.sh\"\n";
			showEnvVarsInLog = 0;
		};
		AF4CF496C310DB43E7229D25 /* [CP] Check Pods Manifest.lock */ = {
			isa = PBXShellScriptBuildPhase;
			buildActionMask = 2147483647;
			files = (
			);
			inputPaths = (
			);
			name = "[CP] Check Pods Manifest.lock";
			outputPaths = (
			);
			runOnlyForDeploymentPostprocessing = 0;
			shellPath = /bin/sh;
			shellScript = "diff \"${PODS_ROOT}/../Podfile.lock\" \"${PODS_ROOT}/Manifest.lock\" > /dev/null\nif [[ $? != 0 ]] ; then\n    cat << EOM\nerror: The sandbox is not in sync with the Podfile.lock. Run 'pod install' or update your CocoaPods installation.\nEOM\n    exit 1\nfi\n";
			showEnvVarsInLog = 0;
		};
		D62E07C8EFEEBEED2A161E41 /* [CP] Check Pods Manifest.lock */ = {
			isa = PBXShellScriptBuildPhase;
			buildActionMask = 2147483647;
			files = (
			);
			inputPaths = (
			);
			name = "[CP] Check Pods Manifest.lock";
			outputPaths = (
			);
			runOnlyForDeploymentPostprocessing = 0;
			shellPath = /bin/sh;
			shellScript = "diff \"${PODS_ROOT}/../Podfile.lock\" \"${PODS_ROOT}/Manifest.lock\" > /dev/null\nif [[ $? != 0 ]] ; then\n    cat << EOM\nerror: The sandbox is not in sync with the Podfile.lock. Run 'pod install' or update your CocoaPods installation.\nEOM\n    exit 1\nfi\n";
			showEnvVarsInLog = 0;
		};
/* End PBXShellScriptBuildPhase section */

/* Begin PBXSourcesBuildPhase section */
		51E94D1B1CD56BBD00E6CA62 /* Sources */ = {
			isa = PBXSourcesBuildPhase;
			buildActionMask = 2147483647;
			files = (
				51E94D2A1CD56BBD00E6CA62 /* ViewController.m in Sources */,
				51E94D271CD56BBD00E6CA62 /* AppDelegate.m in Sources */,
				51D57FB71CE16735004A46BA /* MainTableViewController.m in Sources */,
				51A7AE681CD5853A008C99AA /* Station.m in Sources */,
				51E94D241CD56BBD00E6CA62 /* main.m in Sources */,
				51A7AE6C1CD58726008C99AA /* StationCell.m in Sources */,
				51AB69FC1D0915F7004262B1 /* TabBarViewController.m in Sources */,
				45A1A6471D498D6500C3154F /* LogInViewController.m in Sources */,
				519B984D1D07926300DE4DD9 /* StationViewController.m in Sources */,
				51C467681CF50ABF0072A9D4 /* IntroViewController.m in Sources */,
				519B98461D0785FA00DE4DD9 /* ASStarRatingView.m in Sources */,
				45DD31901D5A24C10054F7D0 /* PriceContentViewController.m in Sources */,
			);
			runOnlyForDeploymentPostprocessing = 0;
		};
		51E94D341CD56BBE00E6CA62 /* Sources */ = {
			isa = PBXSourcesBuildPhase;
			buildActionMask = 2147483647;
			files = (
				51E94D3D1CD56BBE00E6CA62 /* PetrolAppTests.m in Sources */,
			);
			runOnlyForDeploymentPostprocessing = 0;
		};
		51E94D3F1CD56BBE00E6CA62 /* Sources */ = {
			isa = PBXSourcesBuildPhase;
			buildActionMask = 2147483647;
			files = (
				51E94D481CD56BBE00E6CA62 /* PetrolAppUITests.m in Sources */,
			);
			runOnlyForDeploymentPostprocessing = 0;
		};
/* End PBXSourcesBuildPhase section */

/* Begin PBXTargetDependency section */
		51E94D3A1CD56BBE00E6CA62 /* PBXTargetDependency */ = {
			isa = PBXTargetDependency;
			target = 51E94D1E1CD56BBD00E6CA62 /* PetrolApp */;
			targetProxy = 51E94D391CD56BBE00E6CA62 /* PBXContainerItemProxy */;
		};
		51E94D451CD56BBE00E6CA62 /* PBXTargetDependency */ = {
			isa = PBXTargetDependency;
			target = 51E94D1E1CD56BBD00E6CA62 /* PetrolApp */;
			targetProxy = 51E94D441CD56BBE00E6CA62 /* PBXContainerItemProxy */;
		};
/* End PBXTargetDependency section */

/* Begin PBXVariantGroup section */
		51E94D2B1CD56BBE00E6CA62 /* Main.storyboard */ = {
			isa = PBXVariantGroup;
			children = (
				51E94D2C1CD56BBE00E6CA62 /* Base */,
			);
			name = Main.storyboard;
			sourceTree = "<group>";
		};
		51E94D301CD56BBE00E6CA62 /* LaunchScreen.storyboard */ = {
			isa = PBXVariantGroup;
			children = (
				51E94D311CD56BBE00E6CA62 /* Base */,
			);
			name = LaunchScreen.storyboard;
			sourceTree = "<group>";
		};
/* End PBXVariantGroup section */

/* Begin XCBuildConfiguration section */
		51E94D4A1CD56BBE00E6CA62 /* Debug */ = {
			isa = XCBuildConfiguration;
			buildSettings = {
				ALWAYS_SEARCH_USER_PATHS = NO;
				CLANG_ANALYZER_NONNULL = YES;
				CLANG_CXX_LANGUAGE_STANDARD = "gnu++0x";
				CLANG_CXX_LIBRARY = "libc++";
				CLANG_ENABLE_MODULES = YES;
				CLANG_ENABLE_OBJC_ARC = YES;
				CLANG_WARN_BOOL_CONVERSION = YES;
				CLANG_WARN_CONSTANT_CONVERSION = YES;
				CLANG_WARN_DIRECT_OBJC_ISA_USAGE = YES_ERROR;
				CLANG_WARN_EMPTY_BODY = YES;
				CLANG_WARN_ENUM_CONVERSION = YES;
				CLANG_WARN_INT_CONVERSION = YES;
				CLANG_WARN_OBJC_ROOT_CLASS = YES_ERROR;
				CLANG_WARN_UNREACHABLE_CODE = YES;
				CLANG_WARN__DUPLICATE_METHOD_MATCH = YES;
				"CODE_SIGN_IDENTITY[sdk=iphoneos*]" = "iPhone Developer";
				COPY_PHASE_STRIP = NO;
				DEBUG_INFORMATION_FORMAT = dwarf;
				ENABLE_STRICT_OBJC_MSGSEND = YES;
				ENABLE_TESTABILITY = YES;
				GCC_C_LANGUAGE_STANDARD = gnu99;
				GCC_DYNAMIC_NO_PIC = NO;
				GCC_NO_COMMON_BLOCKS = YES;
				GCC_OPTIMIZATION_LEVEL = 0;
				GCC_PREPROCESSOR_DEFINITIONS = (
					"DEBUG=1",
					"$(inherited)",
				);
				GCC_WARN_64_TO_32_BIT_CONVERSION = YES;
				GCC_WARN_ABOUT_RETURN_TYPE = YES_ERROR;
				GCC_WARN_UNDECLARED_SELECTOR = YES;
				GCC_WARN_UNINITIALIZED_AUTOS = YES_AGGRESSIVE;
				GCC_WARN_UNUSED_FUNCTION = YES;
				GCC_WARN_UNUSED_VARIABLE = YES;
				IPHONEOS_DEPLOYMENT_TARGET = 9.3;
				MTL_ENABLE_DEBUG_INFO = YES;
				ONLY_ACTIVE_ARCH = YES;
				SDKROOT = iphoneos;
			};
			name = Debug;
		};
		51E94D4B1CD56BBE00E6CA62 /* Release */ = {
			isa = XCBuildConfiguration;
			buildSettings = {
				ALWAYS_SEARCH_USER_PATHS = NO;
				CLANG_ANALYZER_NONNULL = YES;
				CLANG_CXX_LANGUAGE_STANDARD = "gnu++0x";
				CLANG_CXX_LIBRARY = "libc++";
				CLANG_ENABLE_MODULES = YES;
				CLANG_ENABLE_OBJC_ARC = YES;
				CLANG_WARN_BOOL_CONVERSION = YES;
				CLANG_WARN_CONSTANT_CONVERSION = YES;
				CLANG_WARN_DIRECT_OBJC_ISA_USAGE = YES_ERROR;
				CLANG_WARN_EMPTY_BODY = YES;
				CLANG_WARN_ENUM_CONVERSION = YES;
				CLANG_WARN_INT_CONVERSION = YES;
				CLANG_WARN_OBJC_ROOT_CLASS = YES_ERROR;
				CLANG_WARN_UNREACHABLE_CODE = YES;
				CLANG_WARN__DUPLICATE_METHOD_MATCH = YES;
				"CODE_SIGN_IDENTITY[sdk=iphoneos*]" = "iPhone Developer";
				COPY_PHASE_STRIP = NO;
				DEBUG_INFORMATION_FORMAT = "dwarf-with-dsym";
				ENABLE_NS_ASSERTIONS = NO;
				ENABLE_STRICT_OBJC_MSGSEND = YES;
				GCC_C_LANGUAGE_STANDARD = gnu99;
				GCC_NO_COMMON_BLOCKS = YES;
				GCC_WARN_64_TO_32_BIT_CONVERSION = YES;
				GCC_WARN_ABOUT_RETURN_TYPE = YES_ERROR;
				GCC_WARN_UNDECLARED_SELECTOR = YES;
				GCC_WARN_UNINITIALIZED_AUTOS = YES_AGGRESSIVE;
				GCC_WARN_UNUSED_FUNCTION = YES;
				GCC_WARN_UNUSED_VARIABLE = YES;
				IPHONEOS_DEPLOYMENT_TARGET = 9.3;
				MTL_ENABLE_DEBUG_INFO = NO;
				SDKROOT = iphoneos;
				VALIDATE_PRODUCT = YES;
			};
			name = Release;
		};
		51E94D4D1CD56BBE00E6CA62 /* Debug */ = {
			isa = XCBuildConfiguration;
			baseConfigurationReference = 8C23AEE5B28F1F5FD99F3C11 /* Pods-PetrolApp.debug.xcconfig */;
			buildSettings = {
				ASSETCATALOG_COMPILER_APPICON_NAME = AppIcon;
				CODE_SIGN_IDENTITY = "iPhone Developer";
				"CODE_SIGN_IDENTITY[sdk=iphoneos*]" = "iPhone Developer";
				FRAMEWORK_SEARCH_PATHS = (
					"$(inherited)",
					"$(PROJECT_DIR)",
				);
				INFOPLIST_FILE = PetrolApp/Info.plist;
				IPHONEOS_DEPLOYMENT_TARGET = 9.3;
				LD_RUNPATH_SEARCH_PATHS = "$(inherited) @executable_path/Frameworks";
				PRODUCT_BUNDLE_IDENTIFIER = com.maranta.petrol;
				PRODUCT_NAME = "$(TARGET_NAME)";
				PROVISIONING_PROFILE = "";
			};
			name = Debug;
		};
		51E94D4E1CD56BBE00E6CA62 /* Release */ = {
			isa = XCBuildConfiguration;
			baseConfigurationReference = 2DA2023C2ACBE4DE5450D836 /* Pods-PetrolApp.release.xcconfig */;
			buildSettings = {
				ASSETCATALOG_COMPILER_APPICON_NAME = AppIcon;
				CODE_SIGN_IDENTITY = "iPhone Developer";
				"CODE_SIGN_IDENTITY[sdk=iphoneos*]" = "iPhone Distribution: James Pennington (9ZZEJK9DFN)";
				FRAMEWORK_SEARCH_PATHS = (
					"$(inherited)",
					"$(PROJECT_DIR)",
				);
				INFOPLIST_FILE = PetrolApp/Info.plist;
				IPHONEOS_DEPLOYMENT_TARGET = 9.3;
				LD_RUNPATH_SEARCH_PATHS = "$(inherited) @executable_path/Frameworks";
				PRODUCT_BUNDLE_IDENTIFIER = com.maranta.petrol;
				PRODUCT_NAME = "$(TARGET_NAME)";
				PROVISIONING_PROFILE = "";
			};
			name = Release;
		};
		51E94D501CD56BBE00E6CA62 /* Debug */ = {
			isa = XCBuildConfiguration;
			baseConfigurationReference = 596565316628A5C450A6F9ED /* Pods-PetrolAppTests.debug.xcconfig */;
			buildSettings = {
				BUNDLE_LOADER = "$(TEST_HOST)";
				INFOPLIST_FILE = PetrolAppTests/Info.plist;
				LD_RUNPATH_SEARCH_PATHS = "$(inherited) @executable_path/Frameworks @loader_path/Frameworks";
				PRODUCT_BUNDLE_IDENTIFIER = com.maranta.app.PetrolAppTests;
				PRODUCT_NAME = "$(TARGET_NAME)";
				TEST_HOST = "$(BUILT_PRODUCTS_DIR)/PetrolApp.app/PetrolApp";
			};
			name = Debug;
		};
		51E94D511CD56BBE00E6CA62 /* Release */ = {
			isa = XCBuildConfiguration;
			baseConfigurationReference = 54D78B58D5A66288AC9C9DD7 /* Pods-PetrolAppTests.release.xcconfig */;
			buildSettings = {
				BUNDLE_LOADER = "$(TEST_HOST)";
				INFOPLIST_FILE = PetrolAppTests/Info.plist;
				LD_RUNPATH_SEARCH_PATHS = "$(inherited) @executable_path/Frameworks @loader_path/Frameworks";
				PRODUCT_BUNDLE_IDENTIFIER = com.maranta.app.PetrolAppTests;
				PRODUCT_NAME = "$(TARGET_NAME)";
				TEST_HOST = "$(BUILT_PRODUCTS_DIR)/PetrolApp.app/PetrolApp";
			};
			name = Release;
		};
		51E94D531CD56BBE00E6CA62 /* Debug */ = {
			isa = XCBuildConfiguration;
			baseConfigurationReference = E90B817E89D209D7A0B9E940 /* Pods-PetrolAppUITests.debug.xcconfig */;
			buildSettings = {
				INFOPLIST_FILE = PetrolAppUITests/Info.plist;
				LD_RUNPATH_SEARCH_PATHS = "$(inherited) @executable_path/Frameworks @loader_path/Frameworks";
				PRODUCT_BUNDLE_IDENTIFIER = com.maranta.app.PetrolAppUITests;
				PRODUCT_NAME = "$(TARGET_NAME)";
				TEST_TARGET_NAME = PetrolApp;
			};
			name = Debug;
		};
		51E94D541CD56BBE00E6CA62 /* Release */ = {
			isa = XCBuildConfiguration;
			baseConfigurationReference = 5284937762D1D6F8981DF1C4 /* Pods-PetrolAppUITests.release.xcconfig */;
			buildSettings = {
				INFOPLIST_FILE = PetrolAppUITests/Info.plist;
				LD_RUNPATH_SEARCH_PATHS = "$(inherited) @executable_path/Frameworks @loader_path/Frameworks";
				PRODUCT_BUNDLE_IDENTIFIER = com.maranta.app.PetrolAppUITests;
				PRODUCT_NAME = "$(TARGET_NAME)";
				TEST_TARGET_NAME = PetrolApp;
			};
			name = Release;
		};
/* End XCBuildConfiguration section */

/* Begin XCConfigurationList section */
		51E94D1A1CD56BBD00E6CA62 /* Build configuration list for PBXProject "PetrolApp" */ = {
			isa = XCConfigurationList;
			buildConfigurations = (
				51E94D4A1CD56BBE00E6CA62 /* Debug */,
				51E94D4B1CD56BBE00E6CA62 /* Release */,
			);
			defaultConfigurationIsVisible = 0;
			defaultConfigurationName = Release;
		};
		51E94D4C1CD56BBE00E6CA62 /* Build configuration list for PBXNativeTarget "PetrolApp" */ = {
			isa = XCConfigurationList;
			buildConfigurations = (
				51E94D4D1CD56BBE00E6CA62 /* Debug */,
				51E94D4E1CD56BBE00E6CA62 /* Release */,
			);
			defaultConfigurationIsVisible = 0;
			defaultConfigurationName = Release;
		};
		51E94D4F1CD56BBE00E6CA62 /* Build configuration list for PBXNativeTarget "PetrolAppTests" */ = {
			isa = XCConfigurationList;
			buildConfigurations = (
				51E94D501CD56BBE00E6CA62 /* Debug */,
				51E94D511CD56BBE00E6CA62 /* Release */,
			);
			defaultConfigurationIsVisible = 0;
			defaultConfigurationName = Release;
		};
		51E94D521CD56BBE00E6CA62 /* Build configuration list for PBXNativeTarget "PetrolAppUITests" */ = {
			isa = XCConfigurationList;
			buildConfigurations = (
				51E94D531CD56BBE00E6CA62 /* Debug */,
				51E94D541CD56BBE00E6CA62 /* Release */,
			);
			defaultConfigurationIsVisible = 0;
			defaultConfigurationName = Release;
		};
/* End XCConfigurationList section */
	};
	rootObject = 51E94D171CD56BBD00E6CA62 /* Project object */;
}
